
Microsoft Visual Studio Solution File, Format Version 12.00
# Visual Studio 15
VisualStudioVersion = 15.0.28307.329
MinimumVisualStudioVersion = 10.0.40219.1
Project("{FAE04EC0-301F-11D3-BF4B-00C04F79EFBC}") = "task7-social", "task7-social\task7-social.csproj", "{62A823A3-CEB6-41AE-A9D5-2BE191E4191D}"
EndProject
Global
	GlobalSection(SolutionConfigurationPlatforms) = preSolution
		Debug|Any CPU = Debug|Any CPU
		Release|Any CPU = Release|Any CPU
	EndGlobalSection
	GlobalSection(ProjectConfigurationPlatforms) = postSolution
		{62A823A3-CEB6-41AE-A9D5-2BE191E4191D}.Debug|Any CPU.ActiveCfg = Debug|Any CPU
		{62A823A3-CEB6-41AE-A9D5-2BE191E4191D}.Debug|Any CPU.Build.0 = Debug|Any CPU
		{62A823A3-CEB6-41AE-A9D5-2BE191E4191D}.Release|Any CPU.ActiveCfg = Release|Any CPU
		{62A823A3-CEB6-41AE-A9D5-2BE191E4191D}.Release|Any CPU.Build.0 = Release|Any CPU
	EndGlobalSection
	GlobalSection(SolutionProperties) = preSolution
		HideSolutionNode = FALSE
	EndGlobalSection
	GlobalSection(ExtensibilityGlobals) = postSolution
		SolutionGuid = {D7DA063C-0303-4A35-AD34-2B35CC2EEBBB}
	EndGlobalSection
EndGlobal
