
Microsoft Visual Studio Solution File, Format Version 12.00
# Visual Studio 15
VisualStudioVersion = 15.0.28307.329
MinimumVisualStudioVersion = 10.0.40219.1
Project("{FAE04EC0-301F-11D3-BF4B-00C04F79EFBC}") = "task2-guess-game", "task2-guess-game\task2-guess-game.csproj", "{5402983A-C376-4E98-8D12-20A9F51D187E}"
EndProject
Global
	GlobalSection(SolutionConfigurationPlatforms) = preSolution
		Debug|Any CPU = Debug|Any CPU
		Release|Any CPU = Release|Any CPU
	EndGlobalSection
	GlobalSection(ProjectConfigurationPlatforms) = postSolution
		{5402983A-C376-4E98-8D12-20A9F51D187E}.Debug|Any CPU.ActiveCfg = Debug|Any CPU
		{5402983A-C376-4E98-8D12-20A9F51D187E}.Debug|Any CPU.Build.0 = Debug|Any CPU
		{5402983A-C376-4E98-8D12-20A9F51D187E}.Release|Any CPU.ActiveCfg = Release|Any CPU
		{5402983A-C376-4E98-8D12-20A9F51D187E}.Release|Any CPU.Build.0 = Release|Any CPU
	EndGlobalSection
	GlobalSection(SolutionProperties) = preSolution
		HideSolutionNode = FALSE
	EndGlobalSection
	GlobalSection(ExtensibilityGlobals) = postSolution
		SolutionGuid = {4069269F-1832-4232-97E0-E077E8BF2AC9}
	EndGlobalSection
EndGlobal
